// !$*UTF8*$!
{
	archiveVersion = 1;
	classes = {
	};
	objectVersion = 50;
	objects = {

/* Begin PBXBuildFile section */
		B80B671E20D9AFFF0007A63A /* Assets.xcassets in Resources */ = {isa = PBXBuildFile; fileRef = B872256D20CF685A00D1816D /* Assets.xcassets */; };
		B80B671F20D9B0000007A63A /* Assets.xcassets in Resources */ = {isa = PBXBuildFile; fileRef = B872256D20CF685A00D1816D /* Assets.xcassets */; };
		B80B672120D9E4830007A63A /* OrderHistoryCell.swift in Sources */ = {isa = PBXBuildFile; fileRef = B80B672020D9E4830007A63A /* OrderHistoryCell.swift */; };
		B80B672220D9E48C0007A63A /* OrderHistoryModel.swift in Sources */ = {isa = PBXBuildFile; fileRef = B8CCB41520D8628800E9B603 /* OrderHistoryModel.swift */; };
		B848F8BE20D9275100BEBC53 /* OrderCoffee.intentdefinition in Sources */ = {isa = PBXBuildFile; fileRef = B8769F7820D07B14003FC811 /* OrderCoffee.intentdefinition */; };
		B848F8C020D92C2300BEBC53 /* ConfirmationView.swift in Sources */ = {isa = PBXBuildFile; fileRef = B848F8BF20D92C2300BEBC53 /* ConfirmationView.swift */; };
		B848F8C220D92C3E00BEBC53 /* FinalizeView.swift in Sources */ = {isa = PBXBuildFile; fileRef = B848F8C120D92C3E00BEBC53 /* FinalizeView.swift */; };
		B866877120D749BF00F0B933 /* ProductTVC.swift in Sources */ = {isa = PBXBuildFile; fileRef = B866877020D749BF00F0B933 /* ProductTVC.swift */; };
		B872256720CF685A00D1816D /* AppDelegate.swift in Sources */ = {isa = PBXBuildFile; fileRef = B872256620CF685A00D1816D /* AppDelegate.swift */; };
		B872256C20CF685A00D1816D /* Main.storyboard in Resources */ = {isa = PBXBuildFile; fileRef = B872256A20CF685A00D1816D /* Main.storyboard */; };
		B872256E20CF685A00D1816D /* Assets.xcassets in Resources */ = {isa = PBXBuildFile; fileRef = B872256D20CF685A00D1816D /* Assets.xcassets */; };
		B872257120CF685A00D1816D /* LaunchScreen.storyboard in Resources */ = {isa = PBXBuildFile; fileRef = B872256F20CF685A00D1816D /* LaunchScreen.storyboard */; };
		B8769F7920D07B14003FC811 /* OrderCoffee.intentdefinition in Sources */ = {isa = PBXBuildFile; fileRef = B8769F7820D07B14003FC811 /* OrderCoffee.intentdefinition */; };
		B8777D4020CFF07E00D2DEFA /* OrderVC.swift in Sources */ = {isa = PBXBuildFile; fileRef = B8777D3F20CFF07E00D2DEFA /* OrderVC.swift */; };
		B8777D4220CFFB6C00D2DEFA /* OrderHistoryTVC.swift in Sources */ = {isa = PBXBuildFile; fileRef = B8777D4120CFFB6C00D2DEFA /* OrderHistoryTVC.swift */; };
		B8777D4420D000CD00D2DEFA /* ProductModel.swift in Sources */ = {isa = PBXBuildFile; fileRef = B8777D4320D000CD00D2DEFA /* ProductModel.swift */; };
		B8A166BF20D0ACFD00C6A814 /* IntentHandler.swift in Sources */ = {isa = PBXBuildFile; fileRef = B8A166BE20D0ACFD00C6A814 /* IntentHandler.swift */; };
		B8A166C320D0ACFD00C6A814 /* IntentHandler.appex in Embed App Extensions */ = {isa = PBXBuildFile; fileRef = B8A166BC20D0ACFD00C6A814 /* IntentHandler.appex */; settings = {ATTRIBUTES = (RemoveHeadersOnCopy, ); }; };
		B8B7BBEF20D0B0DA002E3072 /* OrderCoffee.intentdefinition in Sources */ = {isa = PBXBuildFile; fileRef = B8769F7820D07B14003FC811 /* OrderCoffee.intentdefinition */; };
		B8B7BBF120D0B2DB002E3072 /* readme in Resources */ = {isa = PBXBuildFile; fileRef = B8B7BBF020D0B2DA002E3072 /* readme */; };
		B8CCB41620D8628800E9B603 /* OrderHistoryModel.swift in Sources */ = {isa = PBXBuildFile; fileRef = B8CCB41520D8628800E9B603 /* OrderHistoryModel.swift */; };
		B8CCB41820D8878500E9B603 /* OrderHistoryModel.swift in Sources */ = {isa = PBXBuildFile; fileRef = B8CCB41520D8628800E9B603 /* OrderHistoryModel.swift */; };
		B8D2AE4120E1C64700380BEA /* VoiceManager.swift in Sources */ = {isa = PBXBuildFile; fileRef = B8D2AE4020E1C64700380BEA /* VoiceManager.swift */; };
		B8DFA7BF20D8998C002A71BE /* IntentsUI.framework in Frameworks */ = {isa = PBXBuildFile; fileRef = B8DFA7BE20D8998C002A71BE /* IntentsUI.framework */; };
		B8DFA7C220D8998C002A71BE /* IntentViewController.swift in Sources */ = {isa = PBXBuildFile; fileRef = B8DFA7C120D8998C002A71BE /* IntentViewController.swift */; };
		B8DFA7C520D8998C002A71BE /* MainInterface.storyboard in Resources */ = {isa = PBXBuildFile; fileRef = B8DFA7C320D8998C002A71BE /* MainInterface.storyboard */; };
		B8DFA7C920D8998C002A71BE /* IntentHandlerUI.appex in Embed App Extensions */ = {isa = PBXBuildFile; fileRef = B8DFA7BC20D8998C002A71BE /* IntentHandlerUI.appex */; settings = {ATTRIBUTES = (RemoveHeadersOnCopy, ); }; };
/* End PBXBuildFile section */

/* Begin PBXContainerItemProxy section */
		B8A166C120D0ACFD00C6A814 /* PBXContainerItemProxy */ = {
			isa = PBXContainerItemProxy;
			containerPortal = B872255B20CF685A00D1816D /* Project object */;
			proxyType = 1;
			remoteGlobalIDString = B8A166BB20D0ACFD00C6A814;
			remoteInfo = IntentHandler;
		};
		B8DFA7C720D8998C002A71BE /* PBXContainerItemProxy */ = {
			isa = PBXContainerItemProxy;
			containerPortal = B872255B20CF685A00D1816D /* Project object */;
			proxyType = 1;
			remoteGlobalIDString = B8DFA7BB20D8998C002A71BE;
			remoteInfo = IntentHandlerUI;
		};
/* End PBXContainerItemProxy section */

/* Begin PBXCopyFilesBuildPhase section */
		B8A166C720D0ACFD00C6A814 /* Embed App Extensions */ = {
			isa = PBXCopyFilesBuildPhase;
			buildActionMask = 2147483647;
			dstPath = "";
			dstSubfolderSpec = 13;
			files = (
				B8A166C320D0ACFD00C6A814 /* IntentHandler.appex in Embed App Extensions */,
				B8DFA7C920D8998C002A71BE /* IntentHandlerUI.appex in Embed App Extensions */,
			);
			name = "Embed App Extensions";
			runOnlyForDeploymentPostprocessing = 0;
		};
/* End PBXCopyFilesBuildPhase section */

/* Begin PBXFileReference section */
		B80B672020D9E4830007A63A /* OrderHistoryCell.swift */ = {isa = PBXFileReference; lastKnownFileType = sourcecode.swift; path = OrderHistoryCell.swift; sourceTree = "<group>"; };
		B848F8BF20D92C2300BEBC53 /* ConfirmationView.swift */ = {isa = PBXFileReference; lastKnownFileType = sourcecode.swift; path = ConfirmationView.swift; sourceTree = "<group>"; };
		B848F8C120D92C3E00BEBC53 /* FinalizeView.swift */ = {isa = PBXFileReference; lastKnownFileType = sourcecode.swift; path = FinalizeView.swift; sourceTree = "<group>"; };
		B866877020D749BF00F0B933 /* ProductTVC.swift */ = {isa = PBXFileReference; lastKnownFileType = sourcecode.swift; path = ProductTVC.swift; sourceTree = "<group>"; };
		B872256320CF685A00D1816D /* BlackCoffee.app */ = {isa = PBXFileReference; explicitFileType = wrapper.application; includeInIndex = 0; path = BlackCoffee.app; sourceTree = BUILT_PRODUCTS_DIR; };
		B872256620CF685A00D1816D /* AppDelegate.swift */ = {isa = PBXFileReference; lastKnownFileType = sourcecode.swift; path = AppDelegate.swift; sourceTree = "<group>"; };
		B872256B20CF685A00D1816D /* Base */ = {isa = PBXFileReference; lastKnownFileType = file.storyboard; name = Base; path = Base.lproj/Main.storyboard; sourceTree = "<group>"; };
		B872256D20CF685A00D1816D /* Assets.xcassets */ = {isa = PBXFileReference; lastKnownFileType = folder.assetcatalog; path = Assets.xcassets; sourceTree = "<group>"; };
		B872257020CF685A00D1816D /* Base */ = {isa = PBXFileReference; lastKnownFileType = file.storyboard; name = Base; path = Base.lproj/LaunchScreen.storyboard; sourceTree = "<group>"; };
		B872257220CF685A00D1816D /* Info.plist */ = {isa = PBXFileReference; lastKnownFileType = text.plist.xml; path = Info.plist; sourceTree = "<group>"; };
		B872257820CF689100D1816D /* BlackCoffee.entitlements */ = {isa = PBXFileReference; lastKnownFileType = text.plist.entitlements; path = BlackCoffee.entitlements; sourceTree = "<group>"; };
		B8769F7820D07B14003FC811 /* OrderCoffee.intentdefinition */ = {isa = PBXFileReference; lastKnownFileType = file.intentdefinition; path = OrderCoffee.intentdefinition; sourceTree = "<group>"; };
		B8777D3F20CFF07E00D2DEFA /* OrderVC.swift */ = {isa = PBXFileReference; lastKnownFileType = sourcecode.swift; path = OrderVC.swift; sourceTree = "<group>"; };
		B8777D4120CFFB6C00D2DEFA /* OrderHistoryTVC.swift */ = {isa = PBXFileReference; fileEncoding = 4; lastKnownFileType = sourcecode.swift; path = OrderHistoryTVC.swift; sourceTree = "<group>"; };
		B8777D4320D000CD00D2DEFA /* ProductModel.swift */ = {isa = PBXFileReference; fileEncoding = 4; lastKnownFileType = sourcecode.swift; path = ProductModel.swift; sourceTree = "<group>"; };
		B8A166BC20D0ACFD00C6A814 /* IntentHandler.appex */ = {isa = PBXFileReference; explicitFileType = "wrapper.app-extension"; includeInIndex = 0; path = IntentHandler.appex; sourceTree = BUILT_PRODUCTS_DIR; };
		B8A166BE20D0ACFD00C6A814 /* IntentHandler.swift */ = {isa = PBXFileReference; lastKnownFileType = sourcecode.swift; path = IntentHandler.swift; sourceTree = "<group>"; };
		B8A166C020D0ACFD00C6A814 /* Info.plist */ = {isa = PBXFileReference; lastKnownFileType = text.plist.xml; path = Info.plist; sourceTree = "<group>"; };
		B8B7BBF020D0B2DA002E3072 /* readme */ = {isa = PBXFileReference; fileEncoding = 4; lastKnownFileType = text; path = readme; sourceTree = "<group>"; };
		B8CCB41520D8628800E9B603 /* OrderHistoryModel.swift */ = {isa = PBXFileReference; lastKnownFileType = sourcecode.swift; path = OrderHistoryModel.swift; sourceTree = "<group>"; };
		B8D2AE4020E1C64700380BEA /* VoiceManager.swift */ = {isa = PBXFileReference; lastKnownFileType = sourcecode.swift; path = VoiceManager.swift; sourceTree = "<group>"; };
		B8DFA7BC20D8998C002A71BE /* IntentHandlerUI.appex */ = {isa = PBXFileReference; explicitFileType = "wrapper.app-extension"; includeInIndex = 0; path = IntentHandlerUI.appex; sourceTree = BUILT_PRODUCTS_DIR; };
		B8DFA7BE20D8998C002A71BE /* IntentsUI.framework */ = {isa = PBXFileReference; lastKnownFileType = wrapper.framework; name = IntentsUI.framework; path = System/Library/Frameworks/IntentsUI.framework; sourceTree = SDKROOT; };
		B8DFA7C120D8998C002A71BE /* IntentViewController.swift */ = {isa = PBXFileReference; lastKnownFileType = sourcecode.swift; path = IntentViewController.swift; sourceTree = "<group>"; };
		B8DFA7C420D8998C002A71BE /* Base */ = {isa = PBXFileReference; lastKnownFileType = file.storyboard; name = Base; path = Base.lproj/MainInterface.storyboard; sourceTree = "<group>"; };
		B8DFA7C620D8998C002A71BE /* Info.plist */ = {isa = PBXFileReference; lastKnownFileType = text.plist.xml; path = Info.plist; sourceTree = "<group>"; };
/* End PBXFileReference section */

/* Begin PBXFrameworksBuildPhase section */
		B872256020CF685A00D1816D /* Frameworks */ = {
			isa = PBXFrameworksBuildPhase;
			buildActionMask = 2147483647;
			files = (
			);
			runOnlyForDeploymentPostprocessing = 0;
		};
		B8A166B920D0ACFD00C6A814 /* Frameworks */ = {
			isa = PBXFrameworksBuildPhase;
			buildActionMask = 2147483647;
			files = (
			);
			runOnlyForDeploymentPostprocessing = 0;
		};
		B8DFA7B920D8998C002A71BE /* Frameworks */ = {
			isa = PBXFrameworksBuildPhase;
			buildActionMask = 2147483647;
			files = (
				B8DFA7BF20D8998C002A71BE /* IntentsUI.framework in Frameworks */,
			);
			runOnlyForDeploymentPostprocessing = 0;
		};
/* End PBXFrameworksBuildPhase section */

/* Begin PBXGroup section */
		B872255A20CF685A00D1816D = {
			isa = PBXGroup;
			children = (
				B8B7BBF020D0B2DA002E3072 /* readme */,
				B872256520CF685A00D1816D /* BlackCoffee */,
				B8A166BD20D0ACFD00C6A814 /* IntentHandler */,
				B8DFA7C020D8998C002A71BE /* IntentHandlerUI */,
				B8DFA7BD20D8998C002A71BE /* Frameworks */,
				B872256420CF685A00D1816D /* Products */,
			);
			sourceTree = "<group>";
		};
		B872256420CF685A00D1816D /* Products */ = {
			isa = PBXGroup;
			children = (
				B872256320CF685A00D1816D /* BlackCoffee.app */,
				B8A166BC20D0ACFD00C6A814 /* IntentHandler.appex */,
				B8DFA7BC20D8998C002A71BE /* IntentHandlerUI.appex */,
			);
			name = Products;
			sourceTree = "<group>";
		};
		B872256520CF685A00D1816D /* BlackCoffee */ = {
			isa = PBXGroup;
			children = (
				B872257820CF689100D1816D /* BlackCoffee.entitlements */,
				B872256620CF685A00D1816D /* AppDelegate.swift */,
				B8777D4320D000CD00D2DEFA /* ProductModel.swift */,
				B866877020D749BF00F0B933 /* ProductTVC.swift */,
				B8777D4120CFFB6C00D2DEFA /* OrderHistoryTVC.swift */,
				B8CCB41520D8628800E9B603 /* OrderHistoryModel.swift */,
				B80B672020D9E4830007A63A /* OrderHistoryCell.swift */,
				B8777D3F20CFF07E00D2DEFA /* OrderVC.swift */,
				B8769F7820D07B14003FC811 /* OrderCoffee.intentdefinition */,
				B872256A20CF685A00D1816D /* Main.storyboard */,
				B872256D20CF685A00D1816D /* Assets.xcassets */,
				B872256F20CF685A00D1816D /* LaunchScreen.storyboard */,
				B872257220CF685A00D1816D /* Info.plist */,
				B8D2AE4020E1C64700380BEA /* VoiceManager.swift */,
			);
			path = BlackCoffee;
			sourceTree = "<group>";
		};
		B8A166BD20D0ACFD00C6A814 /* IntentHandler */ = {
			isa = PBXGroup;
			children = (
				B8A166BE20D0ACFD00C6A814 /* IntentHandler.swift */,
				B8A166C020D0ACFD00C6A814 /* Info.plist */,
			);
			path = IntentHandler;
			sourceTree = "<group>";
		};
		B8DFA7BD20D8998C002A71BE /* Frameworks */ = {
			isa = PBXGroup;
			children = (
				B8DFA7BE20D8998C002A71BE /* IntentsUI.framework */,
			);
			name = Frameworks;
			sourceTree = "<group>";
		};
		B8DFA7C020D8998C002A71BE /* IntentHandlerUI */ = {
			isa = PBXGroup;
			children = (
				B8DFA7C320D8998C002A71BE /* MainInterface.storyboard */,
				B8DFA7C120D8998C002A71BE /* IntentViewController.swift */,
				B8DFA7C620D8998C002A71BE /* Info.plist */,
				B848F8BF20D92C2300BEBC53 /* ConfirmationView.swift */,
				B848F8C120D92C3E00BEBC53 /* FinalizeView.swift */,
			);
			path = IntentHandlerUI;
			sourceTree = "<group>";
		};
/* End PBXGroup section */

/* Begin PBXNativeTarget section */
		B872256220CF685A00D1816D /* BlackCoffee */ = {
			isa = PBXNativeTarget;
			buildConfigurationList = B872257520CF685A00D1816D /* Build configuration list for PBXNativeTarget "BlackCoffee" */;
			buildPhases = (
				B872255F20CF685A00D1816D /* Sources */,
				B872256020CF685A00D1816D /* Frameworks */,
				B872256120CF685A00D1816D /* Resources */,
				B8A166C720D0ACFD00C6A814 /* Embed App Extensions */,
			);
			buildRules = (
			);
			dependencies = (
				B8A166C220D0ACFD00C6A814 /* PBXTargetDependency */,
				B8DFA7C820D8998C002A71BE /* PBXTargetDependency */,
			);
			name = BlackCoffee;
			productName = BlackCoffee;
			productReference = B872256320CF685A00D1816D /* BlackCoffee.app */;
			productType = "com.apple.product-type.application";
		};
		B8A166BB20D0ACFD00C6A814 /* IntentHandler */ = {
			isa = PBXNativeTarget;
			buildConfigurationList = B8A166C620D0ACFD00C6A814 /* Build configuration list for PBXNativeTarget "IntentHandler" */;
			buildPhases = (
				B8A166B820D0ACFD00C6A814 /* Sources */,
				B8A166B920D0ACFD00C6A814 /* Frameworks */,
				B8A166BA20D0ACFD00C6A814 /* Resources */,
			);
			buildRules = (
			);
			dependencies = (
			);
			name = IntentHandler;
			productName = IntentHandler;
			productReference = B8A166BC20D0ACFD00C6A814 /* IntentHandler.appex */;
			productType = "com.apple.product-type.app-extension";
		};
		B8DFA7BB20D8998C002A71BE /* IntentHandlerUI */ = {
			isa = PBXNativeTarget;
			buildConfigurationList = B8DFA7CC20D8998C002A71BE /* Build configuration list for PBXNativeTarget "IntentHandlerUI" */;
			buildPhases = (
				B8DFA7B820D8998C002A71BE /* Sources */,
				B8DFA7B920D8998C002A71BE /* Frameworks */,
				B8DFA7BA20D8998C002A71BE /* Resources */,
			);
			buildRules = (
			);
			dependencies = (
			);
			name = IntentHandlerUI;
			productName = IntentHandlerUI;
			productReference = B8DFA7BC20D8998C002A71BE /* IntentHandlerUI.appex */;
			productType = "com.apple.product-type.app-extension";
		};
/* End PBXNativeTarget section */

/* Begin PBXProject section */
		B872255B20CF685A00D1816D /* Project object */ = {
			isa = PBXProject;
			attributes = {
				LastSwiftUpdateCheck = 1000;
				LastUpgradeCheck = 1000;
				ORGANIZATIONNAME = "Jay Muthialu";
				TargetAttributes = {
					B872256220CF685A00D1816D = {
						CreatedOnToolsVersion = 10.0;
						SystemCapabilities = {
							com.apple.Siri = {
								enabled = 1;
							};
						};
					};
					B8A166BB20D0ACFD00C6A814 = {
						CreatedOnToolsVersion = 10.0;
					};
					B8DFA7BB20D8998C002A71BE = {
						CreatedOnToolsVersion = 10.0;
					};
				};
			};
			buildConfigurationList = B872255E20CF685A00D1816D /* Build configuration list for PBXProject "BlackCoffee" */;
			compatibilityVersion = "Xcode 9.3";
			developmentRegion = en;
			hasScannedForEncodings = 0;
			knownRegions = (
				en,
				Base,
			);
			mainGroup = B872255A20CF685A00D1816D;
			productRefGroup = B872256420CF685A00D1816D /* Products */;
			projectDirPath = "";
			projectRoot = "";
			targets = (
				B872256220CF685A00D1816D /* BlackCoffee */,
				B8A166BB20D0ACFD00C6A814 /* IntentHandler */,
				B8DFA7BB20D8998C002A71BE /* IntentHandlerUI */,
			);
		};
/* End PBXProject section */

/* Begin PBXResourcesBuildPhase section */
		B872256120CF685A00D1816D /* Resources */ = {
			isa = PBXResourcesBuildPhase;
			buildActionMask = 2147483647;
			files = (
				B8B7BBF120D0B2DB002E3072 /* readme in Resources */,
				B872257120CF685A00D1816D /* LaunchScreen.storyboard in Resources */,
				B872256E20CF685A00D1816D /* Assets.xcassets in Resources */,
				B872256C20CF685A00D1816D /* Main.storyboard in Resources */,
			);
			runOnlyForDeploymentPostprocessing = 0;
		};
		B8A166BA20D0ACFD00C6A814 /* Resources */ = {
			isa = PBXResourcesBuildPhase;
			buildActionMask = 2147483647;
			files = (
				B80B671E20D9AFFF0007A63A /* Assets.xcassets in Resources */,
			);
			runOnlyForDeploymentPostprocessing = 0;
		};
		B8DFA7BA20D8998C002A71BE /* Resources */ = {
			isa = PBXResourcesBuildPhase;
			buildActionMask = 2147483647;
			files = (
				B80B671F20D9B0000007A63A /* Assets.xcassets in Resources */,
				B8DFA7C520D8998C002A71BE /* MainInterface.storyboard in Resources */,
			);
			runOnlyForDeploymentPostprocessing = 0;
		};
/* End PBXResourcesBuildPhase section */

/* Begin PBXSourcesBuildPhase section */
		B872255F20CF685A00D1816D /* Sources */ = {
			isa = PBXSourcesBuildPhase;
			buildActionMask = 2147483647;
			files = (
				B872256720CF685A00D1816D /* AppDelegate.swift in Sources */,
				B8CCB41620D8628800E9B603 /* OrderHistoryModel.swift in Sources */,
				B8769F7920D07B14003FC811 /* OrderCoffee.intentdefinition in Sources */,
				B8777D4420D000CD00D2DEFA /* ProductModel.swift in Sources */,
				B8777D4220CFFB6C00D2DEFA /* OrderHistoryTVC.swift in Sources */,
				B8777D4020CFF07E00D2DEFA /* OrderVC.swift in Sources */,
				B8D2AE4120E1C64700380BEA /* VoiceManager.swift in Sources */,
				B866877120D749BF00F0B933 /* ProductTVC.swift in Sources */,
				B80B672120D9E4830007A63A /* OrderHistoryCell.swift in Sources */,
			);
			runOnlyForDeploymentPostprocessing = 0;
		};
		B8A166B820D0ACFD00C6A814 /* Sources */ = {
			isa = PBXSourcesBuildPhase;
			buildActionMask = 2147483647;
			files = (
				B8CCB41820D8878500E9B603 /* OrderHistoryModel.swift in Sources */,
				B8A166BF20D0ACFD00C6A814 /* IntentHandler.swift in Sources */,
				B8B7BBEF20D0B0DA002E3072 /* OrderCoffee.intentdefinition in Sources */,
			);
			runOnlyForDeploymentPostprocessing = 0;
		};
		B8DFA7B820D8998C002A71BE /* Sources */ = {
			isa = PBXSourcesBuildPhase;
			buildActionMask = 2147483647;
			files = (
				B8DFA7C220D8998C002A71BE /* IntentViewController.swift in Sources */,
				B848F8C020D92C2300BEBC53 /* ConfirmationView.swift in Sources */,
				B848F8C220D92C3E00BEBC53 /* FinalizeView.swift in Sources */,
				B80B672220D9E48C0007A63A /* OrderHistoryModel.swift in Sources */,
				B848F8BE20D9275100BEBC53 /* OrderCoffee.intentdefinition in Sources */,
			);
			runOnlyForDeploymentPostprocessing = 0;
		};
/* End PBXSourcesBuildPhase section */

/* Begin PBXTargetDependency section */
		B8A166C220D0ACFD00C6A814 /* PBXTargetDependency */ = {
			isa = PBXTargetDependency;
			target = B8A166BB20D0ACFD00C6A814 /* IntentHandler */;
			targetProxy = B8A166C120D0ACFD00C6A814 /* PBXContainerItemProxy */;
		};
		B8DFA7C820D8998C002A71BE /* PBXTargetDependency */ = {
			isa = PBXTargetDependency;
			target = B8DFA7BB20D8998C002A71BE /* IntentHandlerUI */;
			targetProxy = B8DFA7C720D8998C002A71BE /* PBXContainerItemProxy */;
		};
/* End PBXTargetDependency section */

/* Begin PBXVariantGroup section */
		B872256A20CF685A00D1816D /* Main.storyboard */ = {
			isa = PBXVariantGroup;
			children = (
				B872256B20CF685A00D1816D /* Base */,
			);
			name = Main.storyboard;
			sourceTree = "<group>";
		};
		B872256F20CF685A00D1816D /* LaunchScreen.storyboard */ = {
			isa = PBXVariantGroup;
			children = (
				B872257020CF685A00D1816D /* Base */,
			);
			name = LaunchScreen.storyboard;
			sourceTree = "<group>";
		};
		B8DFA7C320D8998C002A71BE /* MainInterface.storyboard */ = {
			isa = PBXVariantGroup;
			children = (
				B8DFA7C420D8998C002A71BE /* Base */,
			);
			name = MainInterface.storyboard;
			sourceTree = "<group>";
		};
/* End PBXVariantGroup section */

/* Begin XCBuildConfiguration section */
		B872257320CF685A00D1816D /* Debug */ = {
			isa = XCBuildConfiguration;
			buildSettings = {
				ALWAYS_SEARCH_USER_PATHS = NO;
				CLANG_ANALYZER_NONNULL = YES;
				CLANG_ANALYZER_NUMBER_OBJECT_CONVERSION = YES_AGGRESSIVE;
				CLANG_CXX_LANGUAGE_STANDARD = "gnu++14";
				CLANG_CXX_LIBRARY = "libc++";
				CLANG_ENABLE_MODULES = YES;
				CLANG_ENABLE_OBJC_ARC = YES;
				CLANG_ENABLE_OBJC_WEAK = YES;
				CLANG_WARN_BLOCK_CAPTURE_AUTORELEASING = YES;
				CLANG_WARN_BOOL_CONVERSION = YES;
				CLANG_WARN_COMMA = YES;
				CLANG_WARN_CONSTANT_CONVERSION = YES;
				CLANG_WARN_DEPRECATED_OBJC_IMPLEMENTATIONS = YES;
				CLANG_WARN_DIRECT_OBJC_ISA_USAGE = YES_ERROR;
				CLANG_WARN_DOCUMENTATION_COMMENTS = YES;
				CLANG_WARN_EMPTY_BODY = YES;
				CLANG_WARN_ENUM_CONVERSION = YES;
				CLANG_WARN_INFINITE_RECURSION = YES;
				CLANG_WARN_INT_CONVERSION = YES;
				CLANG_WARN_NON_LITERAL_NULL_CONVERSION = YES;
				CLANG_WARN_OBJC_IMPLICIT_RETAIN_SELF = YES;
				CLANG_WARN_OBJC_LITERAL_CONVERSION = YES;
				CLANG_WARN_OBJC_ROOT_CLASS = YES_ERROR;
				CLANG_WARN_RANGE_LOOP_ANALYSIS = YES;
				CLANG_WARN_STRICT_PROTOTYPES = YES;
				CLANG_WARN_SUSPICIOUS_MOVE = YES;
				CLANG_WARN_UNGUARDED_AVAILABILITY = YES_AGGRESSIVE;
				CLANG_WARN_UNREACHABLE_CODE = YES;
				CLANG_WARN__DUPLICATE_METHOD_MATCH = YES;
				CODE_SIGN_IDENTITY = "iPhone Developer";
				COPY_PHASE_STRIP = NO;
				DEBUG_INFORMATION_FORMAT = dwarf;
				ENABLE_STRICT_OBJC_MSGSEND = YES;
				ENABLE_TESTABILITY = YES;
				GCC_C_LANGUAGE_STANDARD = gnu11;
				GCC_DYNAMIC_NO_PIC = NO;
				GCC_NO_COMMON_BLOCKS = YES;
				GCC_OPTIMIZATION_LEVEL = 0;
				GCC_PREPROCESSOR_DEFINITIONS = (
					"DEBUG=1",
					"$(inherited)",
				);
				GCC_WARN_64_TO_32_BIT_CONVERSION = YES;
				GCC_WARN_ABOUT_RETURN_TYPE = YES_ERROR;
				GCC_WARN_UNDECLARED_SELECTOR = YES;
				GCC_WARN_UNINITIALIZED_AUTOS = YES_AGGRESSIVE;
				GCC_WARN_UNUSED_FUNCTION = YES;
				GCC_WARN_UNUSED_VARIABLE = YES;
				IPHONEOS_DEPLOYMENT_TARGET = 12.0;
				MTL_ENABLE_DEBUG_INFO = INCLUDE_SOURCE;
				ONLY_ACTIVE_ARCH = YES;
				SDKROOT = iphoneos;
				SWIFT_ACTIVE_COMPILATION_CONDITIONS = DEBUG;
				SWIFT_OPTIMIZATION_LEVEL = "-Onone";
			};
			name = Debug;
		};
		B872257420CF685A00D1816D /* Release */ = {
			isa = XCBuildConfiguration;
			buildSettings = {
				ALWAYS_SEARCH_USER_PATHS = NO;
				CLANG_ANALYZER_NONNULL = YES;
				CLANG_ANALYZER_NUMBER_OBJECT_CONVERSION = YES_AGGRESSIVE;
				CLANG_CXX_LANGUAGE_STANDARD = "gnu++14";
				CLANG_CXX_LIBRARY = "libc++";
				CLANG_ENABLE_MODULES = YES;
				CLANG_ENABLE_OBJC_ARC = YES;
				CLANG_ENABLE_OBJC_WEAK = YES;
				CLANG_WARN_BLOCK_CAPTURE_AUTORELEASING = YES;
				CLANG_WARN_BOOL_CONVERSION = YES;
				CLANG_WARN_COMMA = YES;
				CLANG_WARN_CONSTANT_CONVERSION = YES;
				CLANG_WARN_DEPRECATED_OBJC_IMPLEMENTATIONS = YES;
				CLANG_WARN_DIRECT_OBJC_ISA_USAGE = YES_ERROR;
				CLANG_WARN_DOCUMENTATION_COMMENTS = YES;
				CLANG_WARN_EMPTY_BODY = YES;
				CLANG_WARN_ENUM_CONVERSION = YES;
				CLANG_WARN_INFINITE_RECURSION = YES;
				CLANG_WARN_INT_CONVERSION = YES;
				CLANG_WARN_NON_LITERAL_NULL_CONVERSION = YES;
				CLANG_WARN_OBJC_IMPLICIT_RETAIN_SELF = YES;
				CLANG_WARN_OBJC_LITERAL_CONVERSION = YES;
				CLANG_WARN_OBJC_ROOT_CLASS = YES_ERROR;
				CLANG_WARN_RANGE_LOOP_ANALYSIS = YES;
				CLANG_WARN_STRICT_PROTOTYPES = YES;
				CLANG_WARN_SUSPICIOUS_MOVE = YES;
				CLANG_WARN_UNGUARDED_AVAILABILITY = YES_AGGRESSIVE;
				CLANG_WARN_UNREACHABLE_CODE = YES;
				CLANG_WARN__DUPLICATE_METHOD_MATCH = YES;
				CODE_SIGN_IDENTITY = "iPhone Developer";
				COPY_PHASE_STRIP = NO;
				DEBUG_INFORMATION_FORMAT = "dwarf-with-dsym";
				ENABLE_NS_ASSERTIONS = NO;
				ENABLE_STRICT_OBJC_MSGSEND = YES;
				GCC_C_LANGUAGE_STANDARD = gnu11;
				GCC_NO_COMMON_BLOCKS = YES;
				GCC_WARN_64_TO_32_BIT_CONVERSION = YES;
				GCC_WARN_ABOUT_RETURN_TYPE = YES_ERROR;
				GCC_WARN_UNDECLARED_SELECTOR = YES;
				GCC_WARN_UNINITIALIZED_AUTOS = YES_AGGRESSIVE;
				GCC_WARN_UNUSED_FUNCTION = YES;
				GCC_WARN_UNUSED_VARIABLE = YES;
				IPHONEOS_DEPLOYMENT_TARGET = 12.0;
				MTL_ENABLE_DEBUG_INFO = NO;
				SDKROOT = iphoneos;
				SWIFT_COMPILATION_MODE = wholemodule;
				SWIFT_OPTIMIZATION_LEVEL = "-O";
				VALIDATE_PRODUCT = YES;
			};
			name = Release;
		};
		B872257620CF685A00D1816D /* Debug */ = {
			isa = XCBuildConfiguration;
			buildSettings = {
				ALWAYS_EMBED_SWIFT_STANDARD_LIBRARIES = YES;
				ASSETCATALOG_COMPILER_APPICON_NAME = AppIcon;
				CODE_SIGN_ENTITLEMENTS = BlackCoffee/BlackCoffee.entitlements;
				CODE_SIGN_STYLE = Automatic;
				DEVELOPMENT_TEAM = QP8Z378EKD;
				INFOPLIST_FILE = BlackCoffee/Info.plist;
				LD_RUNPATH_SEARCH_PATHS = (
					"$(inherited)",
					"@executable_path/Frameworks",
				);
				PRODUCT_BUNDLE_IDENTIFIER = com.glintpod.BlackCoffee;
				PRODUCT_NAME = "$(TARGET_NAME)";
				SWIFT_VERSION = 4.2;
				TARGETED_DEVICE_FAMILY = "1,2";
			};
			name = Debug;
		};
		B872257720CF685A00D1816D /* Release */ = {
			isa = XCBuildConfiguration;
			buildSettings = {
				ALWAYS_EMBED_SWIFT_STANDARD_LIBRARIES = YES;
				ASSETCATALOG_COMPILER_APPICON_NAME = AppIcon;
				CODE_SIGN_ENTITLEMENTS = BlackCoffee/BlackCoffee.entitlements;
				CODE_SIGN_STYLE = Automatic;
				DEVELOPMENT_TEAM = QP8Z378EKD;
				INFOPLIST_FILE = BlackCoffee/Info.plist;
				LD_RUNPATH_SEARCH_PATHS = (
					"$(inherited)",
					"@executable_path/Frameworks",
				);
				PRODUCT_BUNDLE_IDENTIFIER = com.glintpod.BlackCoffee;
				PRODUCT_NAME = "$(TARGET_NAME)";
				SWIFT_VERSION = 4.2;
				TARGETED_DEVICE_FAMILY = "1,2";
			};
			name = Release;
		};
		B8A166C420D0ACFD00C6A814 /* Debug */ = {
			isa = XCBuildConfiguration;
			buildSettings = {
				CODE_SIGN_STYLE = Automatic;
				DEVELOPMENT_TEAM = QP8Z378EKD;
				INFOPLIST_FILE = IntentHandler/Info.plist;
				LD_RUNPATH_SEARCH_PATHS = (
					"$(inherited)",
					"@executable_path/Frameworks",
					"@executable_path/../../Frameworks",
				);
				PRODUCT_BUNDLE_IDENTIFIER = com.glintpod.BlackCoffee.IntentHandler;
				PRODUCT_NAME = "$(TARGET_NAME)";
				SKIP_INSTALL = YES;
				SWIFT_VERSION = 4.2;
				TARGETED_DEVICE_FAMILY = "1,2";
			};
			name = Debug;
		};
		B8A166C520D0ACFD00C6A814 /* Release */ = {
			isa = XCBuildConfiguration;
			buildSettings = {
				CODE_SIGN_STYLE = Automatic;
				DEVELOPMENT_TEAM = QP8Z378EKD;
				INFOPLIST_FILE = IntentHandler/Info.plist;
				LD_RUNPATH_SEARCH_PATHS = (
					"$(inherited)",
					"@executable_path/Frameworks",
					"@executable_path/../../Frameworks",
				);
				PRODUCT_BUNDLE_IDENTIFIER = com.glintpod.BlackCoffee.IntentHandler;
				PRODUCT_NAME = "$(TARGET_NAME)";
				SKIP_INSTALL = YES;
				SWIFT_VERSION = 4.2;
				TARGETED_DEVICE_FAMILY = "1,2";
			};
			name = Release;
		};
		B8DFA7CA20D8998C002A71BE /* Debug */ = {
			isa = XCBuildConfiguration;
			buildSettings = {
				CODE_SIGN_STYLE = Automatic;
				DEVELOPMENT_TEAM = QP8Z378EKD;
				INFOPLIST_FILE = IntentHandlerUI/Info.plist;
				LD_RUNPATH_SEARCH_PATHS = (
					"$(inherited)",
					"@executable_path/Frameworks",
					"@executable_path/../../Frameworks",
				);
				PRODUCT_BUNDLE_IDENTIFIER = com.glintpod.BlackCoffee.IntentHandlerUI;
				PRODUCT_NAME = "$(TARGET_NAME)";
				SKIP_INSTALL = YES;
				SWIFT_VERSION = 4.2;
				TARGETED_DEVICE_FAMILY = "1,2";
			};
			name = Debug;
		};
		B8DFA7CB20D8998C002A71BE /* Release */ = {
			isa = XCBuildConfiguration;
			buildSettings = {
				CODE_SIGN_STYLE = Automatic;
				DEVELOPMENT_TEAM = QP8Z378EKD;
				INFOPLIST_FILE = IntentHandlerUI/Info.plist;
				LD_RUNPATH_SEARCH_PATHS = (
					"$(inherited)",
					"@executable_path/Frameworks",
					"@executable_path/../../Frameworks",
				);
				PRODUCT_BUNDLE_IDENTIFIER = com.glintpod.BlackCoffee.IntentHandlerUI;
				PRODUCT_NAME = "$(TARGET_NAME)";
				SKIP_INSTALL = YES;
				SWIFT_VERSION = 4.2;
				TARGETED_DEVICE_FAMILY = "1,2";
			};
			name = Release;
		};
/* End XCBuildConfiguration section */

/* Begin XCConfigurationList section */
		B872255E20CF685A00D1816D /* Build configuration list for PBXProject "BlackCoffee" */ = {
			isa = XCConfigurationList;
			buildConfigurations = (
				B872257320CF685A00D1816D /* Debug */,
				B872257420CF685A00D1816D /* Release */,
			);
			defaultConfigurationIsVisible = 0;
			defaultConfigurationName = Release;
		};
		B872257520CF685A00D1816D /* Build configuration list for PBXNativeTarget "BlackCoffee" */ = {
			isa = XCConfigurationList;
			buildConfigurations = (
				B872257620CF685A00D1816D /* Debug */,
				B872257720CF685A00D1816D /* Release */,
			);
			defaultConfigurationIsVisible = 0;
			defaultConfigurationName = Release;
		};
		B8A166C620D0ACFD00C6A814 /* Build configuration list for PBXNativeTarget "IntentHandler" */ = {
			isa = XCConfigurationList;
			buildConfigurations = (
				B8A166C420D0ACFD00C6A814 /* Debug */,
				B8A166C520D0ACFD00C6A814 /* Release */,
			);
			defaultConfigurationIsVisible = 0;
			defaultConfigurationName = Release;
		};
		B8DFA7CC20D8998C002A71BE /* Build configuration list for PBXNativeTarget "IntentHandlerUI" */ = {
			isa = XCConfigurationList;
			buildConfigurations = (
				B8DFA7CA20D8998C002A71BE /* Debug */,
				B8DFA7CB20D8998C002A71BE /* Release */,
			);
			defaultConfigurationIsVisible = 0;
			defaultConfigurationName = Release;
		};
/* End XCConfigurationList section */
	};
	rootObject = B872255B20CF685A00D1816D /* Project object */;
}
